<?xml version="1.0" encoding="utf-8"?>
<Project ToolsVersion="14.0" xmlns="http://schemas.microsoft.com/developer/msbuild/2003">
  <ItemGroup>
    <Filter Include="Source Files">
      <UniqueIdentifier>{B1F27843-FECA-1BAD-3220-D97D0000002E}</UniqueIdentifier>
      <Extensions>cpp;cxx;cc;c;C</Extensions>
    </Filter>
    <Filter Include="Header Files">
      <UniqueIdentifier>{06319535-FECA-1BAD-3220-D97D0000002E}</UniqueIdentifier>
      <Extensions>h;hpp;hxx;hh</Extensions>
    </Filter>
    <Filter Include="Build Files">
      <UniqueIdentifier>{A1909F1C-FECA-1BAD-3220-D97D0000002E}</UniqueIdentifier>
      <Extensions>mpc;mpb;mwc</Extensions>
    </Filter>
    <Filter Include="Idl Files">
      <UniqueIdentifier>{2990FA4C-FECA-1BAD-3220-D97D0000002E}</UniqueIdentifier>
      <Extensions>idl</Extensions>
    </Filter>
    <Filter Include="Typesupport And Idl Files">
      <UniqueIdentifier>{9E235CA7-FECA-1BAD-3220-D97D0000002E}</UniqueIdentifier>
      <Extensions>idl</Extensions>
    </Filter>
    <Filter Include="Inline Files">
      <UniqueIdentifier>{763028EF-FECA-1BAD-3220-D97D0000002E}</UniqueIdentifier>
      <Extensions>i;ipp;inl</Extensions>
    </Filter>
  </ItemGroup>
  <ItemGroup>
    <ClCompile Include="publisher.cpp">
      <Filter>Source Files</Filter>
    </ClCompile>
    <ClCompile Include="TwitterC.cpp">
      <Filter>Source Files</Filter>
    </ClCompile>
    <ClCompile Include="TwitterS.cpp">
      <Filter>Source Files</Filter>
    </ClCompile>
    <ClCompile Include="TwitterTypeSupportC.cpp">
      <Filter>Source Files</Filter>
    </ClCompile>
    <ClCompile Include="TwitterTypeSupportImpl.cpp">
      <Filter>Source Files</Filter>
    </ClCompile>
    <ClCompile Include="TwitterTypeSupportS.cpp">
      <Filter>Source Files</Filter>
    </ClCompile>
  </ItemGroup>
  <ItemGroup>
    <ClInclude Include="TwitterC.h">
      <Filter>Header Files</Filter>
    </ClInclude>
    <ClInclude Include="TwitterS.h">
      <Filter>Header Files</Filter>
    </ClInclude>
    <ClInclude Include="TwitterTypeSupportC.h">
      <Filter>Header Files</Filter>
    </ClInclude>
    <ClInclude Include="TwitterTypeSupportImpl.h">
      <Filter>Header Files</Filter>
    </ClInclude>
    <ClInclude Include="TwitterTypeSupportS.h">
      <Filter>Header Files</Filter>
    </ClInclude>
  </ItemGroup>
  <ItemGroup>
    <None Include="Twitter.mpc">
      <Filter>Build Files</Filter>
    </None>
  </ItemGroup>
  <ItemGroup>
    <CustomBuild Include="TwitterTypeSupport.idl">
      <Filter>Idl Files</Filter>
    </CustomBuild>
  </ItemGroup>
  <ItemGroup>
    <CustomBuild Include="Twitter.idl">
      <Filter>Typesupport And Idl Files</Filter>
    </CustomBuild>
  </ItemGroup>
  <ItemGroup>
    <None Include="TwitterC.inl">
      <Filter>Inline Files</Filter>
    </None>
    <None Include="TwitterTypeSupportC.inl">
      <Filter>Inline Files</Filter>
    </None>
  </ItemGroup>
</Project>
